
Microsoft Visual Studio Solution File, Format Version 12.00
# Visual Studio Version 17
VisualStudioVersion = 17.14.37216.2
MinimumVisualStudioVersion = 10.0.40219.1
Project("{2150E333-8FDC-42A3-9474-1A3956D46DE8}") = "CaliburnMicro", "CaliburnMicro", "{4AEC1ADE-C7C9-4EAA-8E6D-E252CB68B275}"
EndProject
Project("{2150E333-8FDC-42A3-9474-1A3956D46DE8}") = "MVVMCore", "MVVMCore", "{0888C22D-E3BC-48A6-88CE-ABDF2F15E208}"
EndProject
Project("{FAE04EC0-301F-11D3-BF4B-00C04F79EFBC}") = "WPFUI", "CaliburnMicro\WPFUI\WPFUI.csproj", "{A7F86755-0D79-42D8-AC81-6FE0B8C86C86}"
EndProject
Project("{FAE04EC0-301F-11D3-BF4B-00C04F79EFBC}") = "WPF_MVVM_MAIN", "MVVMCore\WPF_MVVM\WPF_MVVM_MAIN.csproj", "{49FC4D22-DC70-449A-97D4-A7BD3A8CD672}"
EndProject
Project("{2150E333-8FDC-42A3-9474-1A3956D46DE8}") = "ConsoleApp", "ConsoleApp", "{9D81372C-54BE-46F4-BC0B-5ED48EF72BD2}"
EndProject
Project("{FAE04EC0-301F-11D3-BF4B-00C04F79EFBC}") = "ConsoleAppMain", "CSharpConceptApp\ConsoleAppMain.csproj", "{4BBA9D89-9B49-45D9-8440-D06B95E499CD}"
EndProject
Project("{FAE04EC0-301F-11D3-BF4B-00C04F79EFBC}") = "WPF_RESTAPI", "WPF_RESTAPI\WPF_RESTAPI.csproj", "{1A16FB0D-0555-4F73-86DE-C8D950C12200}"
EndProject
Project("{FAE04EC0-301F-11D3-BF4B-00C04F79EFBC}") = "MultiThreading_DesignPatterens_SolidPrinciples", "MultiThreading_DesignPatterens_SolidPrinciples\MultiThreading_DesignPatterens_SolidPrinciples.csproj", "{EF0F52E3-BB49-4538-9CD8-EE41045BE355}"
EndProject
Project("{FAE04EC0-301F-11D3-BF4B-00C04F79EFBC}") = "AllInterview_Coding", "AllInterview_Coding\AllInterview_Coding.csproj", "{1078FB94-E53B-49E0-9E7E-6FB1C314A5DE}"
EndProject
Project("{2150E333-8FDC-42A3-9474-1A3956D46DE8}") = "AI_WPF", "AI_WPF", "{02EA681E-C7D8-13C7-8484-4AC65E1B71E8}"
EndProject
Project("{FAE04EC0-301F-11D3-BF4B-00C04F79EFBC}") = "DiseasePredictionAPI", "DiseasePredictionAPI\DiseasePredictionAPI.csproj", "{77760FB1-4E1D-4F1F-BD30-CF4F50AA69DE}"
EndProject
Global
	GlobalSection(SolutionConfigurationPlatforms) = preSolution
		Debug|Any CPU = Debug|Any CPU
		Release|Any CPU = Release|Any CPU
	EndGlobalSection
	GlobalSection(ProjectConfigurationPlatforms) = postSolution
		{A7F86755-0D79-42D8-AC81-6FE0B8C86C86}.Debug|Any CPU.ActiveCfg = Debug|Any CPU
		{A7F86755-0D79-42D8-AC81-6FE0B8C86C86}.Debug|Any CPU.Build.0 = Debug|Any CPU
		{A7F86755-0D79-42D8-AC81-6FE0B8C86C86}.Release|Any CPU.ActiveCfg = Release|Any CPU
		{A7F86755-0D79-42D8-AC81-6FE0B8C86C86}.Release|Any CPU.Build.0 = Release|Any CPU
		{49FC4D22-DC70-449A-97D4-A7BD3A8CD672}.Debug|Any CPU.ActiveCfg = Debug|Any CPU
		{49FC4D22-DC70-449A-97D4-A7BD3A8CD672}.Debug|Any CPU.Build.0 = Debug|Any CPU
		{49FC4D22-DC70-449A-97D4-A7BD3A8CD672}.Release|Any CPU.ActiveCfg = Release|Any CPU
		{49FC4D22-DC70-449A-97D4-A7BD3A8CD672}.Release|Any CPU.Build.0 = Release|Any CPU
		{4BBA9D89-9B49-45D9-8440-D06B95E499CD}.Debug|Any CPU.ActiveCfg = Debug|Any CPU
		{4BBA9D89-9B49-45D9-8440-D06B95E499CD}.Debug|Any CPU.Build.0 = Debug|Any CPU
		{4BBA9D89-9B49-45D9-8440-D06B95E499CD}.Release|Any CPU.ActiveCfg = Release|Any CPU
		{4BBA9D89-9B49-45D9-8440-D06B95E499CD}.Release|Any CPU.Build.0 = Release|Any CPU
		{1A16FB0D-0555-4F73-86DE-C8D950C12200}.Debug|Any CPU.ActiveCfg = Debug|Any CPU
		{1A16FB0D-0555-4F73-86DE-C8D950C12200}.Debug|Any CPU.Build.0 = Debug|Any CPU
		{1A16FB0D-0555-4F73-86DE-C8D950C12200}.Release|Any CPU.ActiveCfg = Release|Any CPU
		{1A16FB0D-0555-4F73-86DE-C8D950C12200}.Release|Any CPU.Build.0 = Release|Any CPU
		{EF0F52E3-BB49-4538-9CD8-EE41045BE355}.Debug|Any CPU.ActiveCfg = Debug|Any CPU
		{EF0F52E3-BB49-4538-9CD8-EE41045BE355}.Debug|Any CPU.Build.0 = Debug|Any CPU
		{EF0F52E3-BB49-4538-9CD8-EE41045BE355}.Release|Any CPU.ActiveCfg = Release|Any CPU
		{EF0F52E3-BB49-4538-9CD8-EE41045BE355}.Release|Any CPU.Build.0 = Release|Any CPU
		{1078FB94-E53B-49E0-9E7E-6FB1C314A5DE}.Debug|Any CPU.ActiveCfg = Debug|Any CPU
		{1078FB94-E53B-49E0-9E7E-6FB1C314A5DE}.Debug|Any CPU.Build.0 = Debug|Any CPU
		{1078FB94-E53B-49E0-9E7E-6FB1C314A5DE}.Release|Any CPU.ActiveCfg = Release|Any CPU
		{1078FB94-E53B-49E0-9E7E-6FB1C314A5DE}.Release|Any CPU.Build.0 = Release|Any CPU
		{77760FB1-4E1D-4F1F-BD30-CF4F50AA69DE}.Debug|Any CPU.ActiveCfg = Debug|Any CPU
		{77760FB1-4E1D-4F1F-BD30-CF4F50AA69DE}.Debug|Any CPU.Build.0 = Debug|Any CPU
		{77760FB1-4E1D-4F1F-BD30-CF4F50AA69DE}.Release|Any CPU.ActiveCfg = Release|Any CPU
		{77760FB1-4E1D-4F1F-BD30-CF4F50AA69DE}.Release|Any CPU.Build.0 = Release|Any CPU
	EndGlobalSection
	GlobalSection(SolutionProperties) = preSolution
		HideSolutionNode = FALSE
	EndGlobalSection
	GlobalSection(NestedProjects) = preSolution
		{A7F86755-0D79-42D8-AC81-6FE0B8C86C86} = {4AEC1ADE-C7C9-4EAA-8E6D-E252CB68B275}
		{49FC4D22-DC70-449A-97D4-A7BD3A8CD672} = {0888C22D-E3BC-48A6-88CE-ABDF2F15E208}
		{4BBA9D89-9B49-45D9-8440-D06B95E499CD} = {9D81372C-54BE-46F4-BC0B-5ED48EF72BD2}
		{1A16FB0D-0555-4F73-86DE-C8D950C12200} = {0888C22D-E3BC-48A6-88CE-ABDF2F15E208}
		{EF0F52E3-BB49-4538-9CD8-EE41045BE355} = {0888C22D-E3BC-48A6-88CE-ABDF2F15E208}
		{1078FB94-E53B-49E0-9E7E-6FB1C314A5DE} = {0888C22D-E3BC-48A6-88CE-ABDF2F15E208}
		{77760FB1-4E1D-4F1F-BD30-CF4F50AA69DE} = {02EA681E-C7D8-13C7-8484-4AC65E1B71E8}
	EndGlobalSection
	GlobalSection(ExtensibilityGlobals) = postSolution
		SolutionGuid = {BA133011-7383-4049-912A-A1E07F5A3975}
	EndGlobalSection
EndGlobal
