
Microsoft Visual Studio Solution File, Format Version 12.00
# Visual Studio Version 16
VisualStudioVersion = 16.0.34601.136
MinimumVisualStudioVersion = 10.0.40219.1
Project("{2150E333-8FDC-42A3-9474-1A3956D46DE8}") = "Assignment", "Assignment", "{82FA0CD6-62BF-4445-BD36-3AECF5A0FD7C}"
EndProject
Project("{2150E333-8FDC-42A3-9474-1A3956D46DE8}") = "MVVM", "MVVM", "{44886261-367E-4D70-BE1F-CB7704823C21}"
EndProject
Project("{2150E333-8FDC-42A3-9474-1A3956D46DE8}") = "CaliburnMicro", "CaliburnMicro", "{4AEC1ADE-C7C9-4EAA-8E6D-E252CB68B275}"
EndProject
Project("{2150E333-8FDC-42A3-9474-1A3956D46DE8}") = "MVVMCore", "MVVMCore", "{0888C22D-E3BC-48A6-88CE-ABDF2F15E208}"
EndProject
Project("{FAE04EC0-301F-11D3-BF4B-00C04F79EFBC}") = "WPFUI", "CaliburnMicro\WPFUI\WPFUI.csproj", "{A7F86755-0D79-42D8-AC81-6FE0B8C86C86}"
EndProject
Project("{2150E333-8FDC-42A3-9474-1A3956D46DE8}") = "WPFSecurity", "WPFSecurity", "{E68208D6-FC6E-4674-9767-D1A73D56D5F1}"
EndProject
Project("{FAE04EC0-301F-11D3-BF4B-00C04F79EFBC}") = "CommonUtils", "MVVMCore\CommonUtils\CommonUtils\CommonUtils.csproj", "{987479BE-363C-4FA5-9282-8F0C35B9128B}"
EndProject
Project("{FAE04EC0-301F-11D3-BF4B-00C04F79EFBC}") = "WPF_Assignment", "MVVMCore\WPF_Assignment\WPFAssignment\WPF_Assignment.csproj", "{A9702126-1571-43BA-B9A3-E1BBE4DFBA3E}"
EndProject
Project("{FAE04EC0-301F-11D3-BF4B-00C04F79EFBC}") = "WPF_MVVM", "MVVMCore\WPF_MVVM\WPF_MVVM.csproj", "{49FC4D22-DC70-449A-97D4-A7BD3A8CD672}"
EndProject
Project("{FAE04EC0-301F-11D3-BF4B-00C04F79EFBC}") = "SecuritySample", "SecuritySample\SecuritySample.csproj", "{3A992A1D-057C-4DF3-AB8E-6682A5AD7308}"
EndProject
Project("{2150E333-8FDC-42A3-9474-1A3956D46DE8}") = "NECSWS", "NECSWS", "{ACBFD6D8-BE9E-410D-986A-B64DD236E746}"
EndProject
Project("{FAE04EC0-301F-11D3-BF4B-00C04F79EFBC}") = "UnitTestProjectNECSWS", "UnitTestProjectNECSWS\UnitTestProjectNECSWS.csproj", "{60A5C056-829D-41C7-AF65-21538393252B}"
EndProject
Project("{2150E333-8FDC-42A3-9474-1A3956D46DE8}") = "ConsoleApp", "ConsoleApp", "{9D81372C-54BE-46F4-BC0B-5ED48EF72BD2}"
EndProject
Project("{FAE04EC0-301F-11D3-BF4B-00C04F79EFBC}") = "FirstNameLastNameinCombo", "Assignment\MVVM\1FirstNameLastNameinCombo\FirstNameLastNameinCombo.csproj", "{84BFF693-CDF3-4EAD-B7C4-C31C5537A619}"
EndProject
Project("{FAE04EC0-301F-11D3-BF4B-00C04F79EFBC}") = "BtnEnableOnTextChange", "Assignment\MVVM\2BtnEnableOnTextChange\BtnEnableOnTextChange.csproj", "{AED59736-4CD8-4C79-AA9B-73434FCB487E}"
EndProject
Project("{FAE04EC0-301F-11D3-BF4B-00C04F79EFBC}") = "ListToRadioButton", "Assignment\MVVM\3ListToRadioButton\ListToRadioButton.csproj", "{6ED7E1A7-E45B-419E-AB4C-B89ED0DBA407}"
EndProject
Project("{FAE04EC0-301F-11D3-BF4B-00C04F79EFBC}") = "ComboColorChangeFromRadio", "Assignment\MVVM\4ComboColorChangeFromRadio\ComboColorChangeFromRadio.csproj", "{0A7CB236-01AA-4370-8133-9A1A25BA6E95}"
EndProject
Project("{FAE04EC0-301F-11D3-BF4B-00C04F79EFBC}") = "TreeViewColorChangeOnRadio", "Assignment\MVVM\5TreeViewColorChangeOnRadio\TreeViewColorChangeOnRadio.csproj", "{90670E1D-885B-4812-964A-DE58570426CE}"
EndProject
Project("{FAE04EC0-301F-11D3-BF4B-00C04F79EFBC}") = "OOPSProgramMain", "ConsoleApp\OOPSConceptApplication\OOPSProgramMain.csproj", "{6847ED92-AC91-4EBF-9255-9E707413DA76}"
EndProject
Project("{FAE04EC0-301F-11D3-BF4B-00C04F79EFBC}") = "CSharpProgramMain", "CSharpConceptApp\CSharpProgramMain.csproj", "{4BBA9D89-9B49-45D9-8440-D06B95E499CD}"
EndProject
Project("{FAE04EC0-301F-11D3-BF4B-00C04F79EFBC}") = "WPF_WebAPI", "WPF_WebAPI\WPF_WebAPI.csproj", "{66A18664-1868-48ED-9A30-B7AE03B62B44}"
EndProject
Project("{2150E333-8FDC-42A3-9474-1A3956D46DE8}") = "Solution Items", "Solution Items", "{FDC03659-6C59-4C50-BBC1-391FD430A3AD}"
	ProjectSection(SolutionItems) = preProject
		.editorconfig = .editorconfig
	EndProjectSection
EndProject
Global
	GlobalSection(SolutionConfigurationPlatforms) = preSolution
		Debug|Any CPU = Debug|Any CPU
		Release|Any CPU = Release|Any CPU
	EndGlobalSection
	GlobalSection(ProjectConfigurationPlatforms) = postSolution
		{A7F86755-0D79-42D8-AC81-6FE0B8C86C86}.Debug|Any CPU.ActiveCfg = Debug|Any CPU
		{A7F86755-0D79-42D8-AC81-6FE0B8C86C86}.Debug|Any CPU.Build.0 = Debug|Any CPU
		{A7F86755-0D79-42D8-AC81-6FE0B8C86C86}.Release|Any CPU.ActiveCfg = Release|Any CPU
		{A7F86755-0D79-42D8-AC81-6FE0B8C86C86}.Release|Any CPU.Build.0 = Release|Any CPU
		{987479BE-363C-4FA5-9282-8F0C35B9128B}.Debug|Any CPU.ActiveCfg = Debug|Any CPU
		{987479BE-363C-4FA5-9282-8F0C35B9128B}.Debug|Any CPU.Build.0 = Debug|Any CPU
		{987479BE-363C-4FA5-9282-8F0C35B9128B}.Release|Any CPU.ActiveCfg = Release|Any CPU
		{987479BE-363C-4FA5-9282-8F0C35B9128B}.Release|Any CPU.Build.0 = Release|Any CPU
		{A9702126-1571-43BA-B9A3-E1BBE4DFBA3E}.Debug|Any CPU.ActiveCfg = Debug|Any CPU
		{A9702126-1571-43BA-B9A3-E1BBE4DFBA3E}.Debug|Any CPU.Build.0 = Debug|Any CPU
		{A9702126-1571-43BA-B9A3-E1BBE4DFBA3E}.Release|Any CPU.ActiveCfg = Release|Any CPU
		{A9702126-1571-43BA-B9A3-E1BBE4DFBA3E}.Release|Any CPU.Build.0 = Release|Any CPU
		{49FC4D22-DC70-449A-97D4-A7BD3A8CD672}.Debug|Any CPU.ActiveCfg = Debug|Any CPU
		{49FC4D22-DC70-449A-97D4-A7BD3A8CD672}.Debug|Any CPU.Build.0 = Debug|Any CPU
		{49FC4D22-DC70-449A-97D4-A7BD3A8CD672}.Release|Any CPU.ActiveCfg = Release|Any CPU
		{49FC4D22-DC70-449A-97D4-A7BD3A8CD672}.Release|Any CPU.Build.0 = Release|Any CPU
		{3A992A1D-057C-4DF3-AB8E-6682A5AD7308}.Debug|Any CPU.ActiveCfg = Debug|Any CPU
		{3A992A1D-057C-4DF3-AB8E-6682A5AD7308}.Debug|Any CPU.Build.0 = Debug|Any CPU
		{3A992A1D-057C-4DF3-AB8E-6682A5AD7308}.Release|Any CPU.ActiveCfg = Release|Any CPU
		{3A992A1D-057C-4DF3-AB8E-6682A5AD7308}.Release|Any CPU.Build.0 = Release|Any CPU
		{60A5C056-829D-41C7-AF65-21538393252B}.Debug|Any CPU.ActiveCfg = Debug|Any CPU
		{60A5C056-829D-41C7-AF65-21538393252B}.Debug|Any CPU.Build.0 = Debug|Any CPU
		{60A5C056-829D-41C7-AF65-21538393252B}.Release|Any CPU.ActiveCfg = Release|Any CPU
		{60A5C056-829D-41C7-AF65-21538393252B}.Release|Any CPU.Build.0 = Release|Any CPU
		{84BFF693-CDF3-4EAD-B7C4-C31C5537A619}.Debug|Any CPU.ActiveCfg = Debug|Any CPU
		{84BFF693-CDF3-4EAD-B7C4-C31C5537A619}.Debug|Any CPU.Build.0 = Debug|Any CPU
		{84BFF693-CDF3-4EAD-B7C4-C31C5537A619}.Release|Any CPU.ActiveCfg = Release|Any CPU
		{84BFF693-CDF3-4EAD-B7C4-C31C5537A619}.Release|Any CPU.Build.0 = Release|Any CPU
		{AED59736-4CD8-4C79-AA9B-73434FCB487E}.Debug|Any CPU.ActiveCfg = Debug|Any CPU
		{AED59736-4CD8-4C79-AA9B-73434FCB487E}.Debug|Any CPU.Build.0 = Debug|Any CPU
		{AED59736-4CD8-4C79-AA9B-73434FCB487E}.Release|Any CPU.ActiveCfg = Release|Any CPU
		{AED59736-4CD8-4C79-AA9B-73434FCB487E}.Release|Any CPU.Build.0 = Release|Any CPU
		{6ED7E1A7-E45B-419E-AB4C-B89ED0DBA407}.Debug|Any CPU.ActiveCfg = Debug|Any CPU
		{6ED7E1A7-E45B-419E-AB4C-B89ED0DBA407}.Debug|Any CPU.Build.0 = Debug|Any CPU
		{6ED7E1A7-E45B-419E-AB4C-B89ED0DBA407}.Release|Any CPU.ActiveCfg = Release|Any CPU
		{6ED7E1A7-E45B-419E-AB4C-B89ED0DBA407}.Release|Any CPU.Build.0 = Release|Any CPU
		{0A7CB236-01AA-4370-8133-9A1A25BA6E95}.Debug|Any CPU.ActiveCfg = Debug|Any CPU
		{0A7CB236-01AA-4370-8133-9A1A25BA6E95}.Debug|Any CPU.Build.0 = Debug|Any CPU
		{0A7CB236-01AA-4370-8133-9A1A25BA6E95}.Release|Any CPU.ActiveCfg = Release|Any CPU
		{0A7CB236-01AA-4370-8133-9A1A25BA6E95}.Release|Any CPU.Build.0 = Release|Any CPU
		{90670E1D-885B-4812-964A-DE58570426CE}.Debug|Any CPU.ActiveCfg = Debug|Any CPU
		{90670E1D-885B-4812-964A-DE58570426CE}.Debug|Any CPU.Build.0 = Debug|Any CPU
		{90670E1D-885B-4812-964A-DE58570426CE}.Release|Any CPU.ActiveCfg = Release|Any CPU
		{90670E1D-885B-4812-964A-DE58570426CE}.Release|Any CPU.Build.0 = Release|Any CPU
		{6847ED92-AC91-4EBF-9255-9E707413DA76}.Debug|Any CPU.ActiveCfg = Debug|Any CPU
		{6847ED92-AC91-4EBF-9255-9E707413DA76}.Debug|Any CPU.Build.0 = Debug|Any CPU
		{6847ED92-AC91-4EBF-9255-9E707413DA76}.Release|Any CPU.ActiveCfg = Release|Any CPU
		{6847ED92-AC91-4EBF-9255-9E707413DA76}.Release|Any CPU.Build.0 = Release|Any CPU
		{4BBA9D89-9B49-45D9-8440-D06B95E499CD}.Debug|Any CPU.ActiveCfg = Debug|Any CPU
		{4BBA9D89-9B49-45D9-8440-D06B95E499CD}.Debug|Any CPU.Build.0 = Debug|Any CPU
		{4BBA9D89-9B49-45D9-8440-D06B95E499CD}.Release|Any CPU.ActiveCfg = Release|Any CPU
		{4BBA9D89-9B49-45D9-8440-D06B95E499CD}.Release|Any CPU.Build.0 = Release|Any CPU
		{66A18664-1868-48ED-9A30-B7AE03B62B44}.Debug|Any CPU.ActiveCfg = Debug|Any CPU
		{66A18664-1868-48ED-9A30-B7AE03B62B44}.Debug|Any CPU.Build.0 = Debug|Any CPU
		{66A18664-1868-48ED-9A30-B7AE03B62B44}.Release|Any CPU.ActiveCfg = Release|Any CPU
		{66A18664-1868-48ED-9A30-B7AE03B62B44}.Release|Any CPU.Build.0 = Release|Any CPU
	EndGlobalSection
	GlobalSection(SolutionProperties) = preSolution
		HideSolutionNode = FALSE
	EndGlobalSection
	GlobalSection(NestedProjects) = preSolution
		{44886261-367E-4D70-BE1F-CB7704823C21} = {82FA0CD6-62BF-4445-BD36-3AECF5A0FD7C}
		{A7F86755-0D79-42D8-AC81-6FE0B8C86C86} = {4AEC1ADE-C7C9-4EAA-8E6D-E252CB68B275}
		{987479BE-363C-4FA5-9282-8F0C35B9128B} = {0888C22D-E3BC-48A6-88CE-ABDF2F15E208}
		{A9702126-1571-43BA-B9A3-E1BBE4DFBA3E} = {0888C22D-E3BC-48A6-88CE-ABDF2F15E208}
		{49FC4D22-DC70-449A-97D4-A7BD3A8CD672} = {0888C22D-E3BC-48A6-88CE-ABDF2F15E208}
		{3A992A1D-057C-4DF3-AB8E-6682A5AD7308} = {E68208D6-FC6E-4674-9767-D1A73D56D5F1}
		{60A5C056-829D-41C7-AF65-21538393252B} = {ACBFD6D8-BE9E-410D-986A-B64DD236E746}
		{84BFF693-CDF3-4EAD-B7C4-C31C5537A619} = {44886261-367E-4D70-BE1F-CB7704823C21}
		{AED59736-4CD8-4C79-AA9B-73434FCB487E} = {44886261-367E-4D70-BE1F-CB7704823C21}
		{6ED7E1A7-E45B-419E-AB4C-B89ED0DBA407} = {44886261-367E-4D70-BE1F-CB7704823C21}
		{0A7CB236-01AA-4370-8133-9A1A25BA6E95} = {44886261-367E-4D70-BE1F-CB7704823C21}
		{90670E1D-885B-4812-964A-DE58570426CE} = {44886261-367E-4D70-BE1F-CB7704823C21}
		{6847ED92-AC91-4EBF-9255-9E707413DA76} = {9D81372C-54BE-46F4-BC0B-5ED48EF72BD2}
		{4BBA9D89-9B49-45D9-8440-D06B95E499CD} = {9D81372C-54BE-46F4-BC0B-5ED48EF72BD2}
		{66A18664-1868-48ED-9A30-B7AE03B62B44} = {0888C22D-E3BC-48A6-88CE-ABDF2F15E208}
	EndGlobalSection
	GlobalSection(ExtensibilityGlobals) = postSolution
		SolutionGuid = {BA133011-7383-4049-912A-A1E07F5A3975}
	EndGlobalSection
EndGlobal
